// !$*UTF8*$!
{
	archiveVersion = 1;
	classes = {
	};
	objectVersion = 46;
	objects = {
/* Begin PBXBuildFile section */
		0207DA581B56EA530066E2B4 /* Images.xcassets in Resources */ = {isa = PBXBuildFile; fileRef = 0207DA571B56EA530066E2B4 /* Images.xcassets */; };
		1D3623260D0F684500981E51 /* AppDelegate.m in Sources */ = {isa = PBXBuildFile; fileRef = 1D3623250D0F684500981E51 /* AppDelegate.m */; };
		1D60589B0D05DD56006BFB54 /* main.m in Sources */ = {isa = PBXBuildFile; fileRef = 29B97316FDCFA39411CA2CEA /* main.m */; };
		301BF552109A68D80062928A /* libCordova.a in Frameworks */ = {isa = PBXBuildFile; fileRef = 301BF535109A57CC0062928A /* libCordova.a */; };
		302D95F114D2391D003F00A1 /* MainViewController.m in Sources */ = {isa = PBXBuildFile; fileRef = 302D95EF14D2391D003F00A1 /* MainViewController.m */; };
		302D95F214D2391D003F00A1 /* MainViewController.xib in Resources */ = {isa = PBXBuildFile; fileRef = 302D95F014D2391D003F00A1 /* MainViewController.xib */; };
		3047A5121AB8059700498E2A /* build-debug.xcconfig in Resources */ = {isa = PBXBuildFile; fileRef = 3047A50F1AB8059700498E2A /* build-debug.xcconfig */; };
		3047A5131AB8059700498E2A /* build-release.xcconfig in Resources */ = {isa = PBXBuildFile; fileRef = 3047A5101AB8059700498E2A /* build-release.xcconfig */; };
		3047A5141AB8059700498E2A /* build.xcconfig in Resources */ = {isa = PBXBuildFile; fileRef = 3047A5111AB8059700498E2A /* build.xcconfig */; };
		6AFF5BF91D6E424B00AB3073 /* CDVLaunchScreen.storyboard in Resources */ = {isa = PBXBuildFile; fileRef = 6AFF5BF81D6E424B00AB3073 /* CDVLaunchScreen.storyboard */; };
		4103B9257824479BB1F5B333 /* CDVStatusBar.m in Sources */ = {isa = PBXBuildFile; fileRef = C4CBEEB5BC124B06914D28DE /* CDVStatusBar.m */; };
		B6D65A6D5540498A8B7F105F /* CDVDevice.m in Sources */ = {isa = PBXBuildFile; fileRef = DCFCD5C0067D4F18A5F07FA6 /* CDVDevice.m */; };
		8DC160C38171483986DDE1FF /* CDVSplashScreen.m in Sources */ = {isa = PBXBuildFile; fileRef = BCE78A41ED0A415EAC54AF64 /* CDVSplashScreen.m */; };
		BD31B1582F9C480C88B7A8DC /* CDVViewController+SplashScreen.m in Sources */ = {isa = PBXBuildFile; fileRef = 856FBD391169488281CF1CE5 /* CDVViewController+SplashScreen.m */; };
		A120BEEF5CA349389DE68589 /* CDVWKWebViewEngine.m in Sources */ = {isa = PBXBuildFile; fileRef = 11D7511DB139411A9EC0E119 /* CDVWKWebViewEngine.m */; };
		7E8ADDAB3EEA4749A7FF76EB /* CDVWKWebViewUIDelegate.m in Sources */ = {isa = PBXBuildFile; fileRef = 1FAADFDB8E9A4A288E378F05 /* CDVWKWebViewUIDelegate.m */; };
		903C7FDB154F45C2A7A25D94 /* CDVWKProcessPoolFactory.m in Sources */ = {isa = PBXBuildFile; fileRef = 79EA3B93F2D44CA2A6B86DA4 /* CDVWKProcessPoolFactory.m */; };
		7D9DB57D26844ABAA32CFD5C /* IONAssetHandler.m in Sources */ = {isa = PBXBuildFile; fileRef = 0CAE6F8D223A4621BD8DAE91 /* IONAssetHandler.m */; };
		A39CBC5AD4AB4906A6B40F89 /* GCDWebServer.m in Sources */ = {isa = PBXBuildFile; fileRef = 83D0DC06CA6C4D1492FA63A5 /* GCDWebServer.m */; };
		90A459C2CC6849AF8D0ED8C4 /* GCDWebServerConnection.m in Sources */ = {isa = PBXBuildFile; fileRef = DB97EE60860D475394E822D5 /* GCDWebServerConnection.m */; };
		15490108A2AF41BA91F0A3FA /* GCDWebServerFunctions.m in Sources */ = {isa = PBXBuildFile; fileRef = 10165EF3A6C84CE89D2FC673 /* GCDWebServerFunctions.m */; };
		C8A7FE94524047E6A11720F2 /* GCDWebServerRequest.m in Sources */ = {isa = PBXBuildFile; fileRef = 6676E37EAD0041C2AA1767FA /* GCDWebServerRequest.m */; };
		E06C613FB3144664898487FC /* GCDWebServerResponse.m in Sources */ = {isa = PBXBuildFile; fileRef = 01AA77595AD7400487C4CF0A /* GCDWebServerResponse.m */; };
		3CB66B7C968046FB902AFF8C /* GCDWebServerDataRequest.m in Sources */ = {isa = PBXBuildFile; fileRef = 50C9DCEA5958449EA2EAEF83 /* GCDWebServerDataRequest.m */; };
		240A046F745B4E2E8EDA8972 /* GCDWebServerFileRequest.m in Sources */ = {isa = PBXBuildFile; fileRef = 6801C42953C54FD4A8C47267 /* GCDWebServerFileRequest.m */; };
		518A19F3791A42D38A6FAC39 /* GCDWebServerMultiPartFormRequest.m in Sources */ = {isa = PBXBuildFile; fileRef = 622824C6609347A3BAEF18BB /* GCDWebServerMultiPartFormRequest.m */; };
		E40531D6697A411EBFD5F5DC /* GCDWebServerURLEncodedFormRequest.m in Sources */ = {isa = PBXBuildFile; fileRef = 2C28DEE84B6342548F10404D /* GCDWebServerURLEncodedFormRequest.m */; };
		D57AC0B56D804E9DBE413339 /* GCDWebServerDataResponse.m in Sources */ = {isa = PBXBuildFile; fileRef = 35B4F35D842D48EEB9C43AF1 /* GCDWebServerDataResponse.m */; };
		FE419BE3E3F74302B9E07DB8 /* GCDWebServerErrorResponse.m in Sources */ = {isa = PBXBuildFile; fileRef = BAC43DFF0ED84F67B7E89AA1 /* GCDWebServerErrorResponse.m */; };
		5A677D904A244A37802F66E6 /* GCDWebServerFileResponse.m in Sources */ = {isa = PBXBuildFile; fileRef = 72ABDEB87D7A40339C0D1EA6 /* GCDWebServerFileResponse.m */; };
		870F5EF8504E47918F4D976F /* GCDWebServerStreamedResponse.m in Sources */ = {isa = PBXBuildFile; fileRef = A2B8F25C531F4AF3B3D908CD /* GCDWebServerStreamedResponse.m */; };
		AD7F08FDC4594B9BB3E38850 /* WebKit.framework in Frameworks */ = {isa = PBXBuildFile; fileRef = 5B705CBDDF7943A7ADE566FB /* WebKit.framework */; settings = {ATTRIBUTES = (Weak, ); }; };
		BC3D2D2D49F24BFD9DFA58F4 /* libz.tbd in Frameworks */ = {isa = PBXBuildFile; fileRef = 0659EB85D1AE46E5AC9F5859 /* libz.tbd */; };
		3EF906D500B040A3B7D97D65 /* CDVIonicKeyboard.m in Sources */ = {isa = PBXBuildFile; fileRef = DB3130129AF94A00B2BB219D /* CDVIonicKeyboard.m */; };
		CB3FF62ADE8F4768B0616224 /* SQLitePlugin.m in Sources */ = {isa = PBXBuildFile; fileRef = CA6AAD629D4C4FE589788C76 /* SQLitePlugin.m */; };
		524919EA804B445485DAE31C /* PSPDFThreadSafeMutableDictionary.m in Sources */ = {isa = PBXBuildFile; fileRef = D777CEBCDA2E46C9879177F7 /* PSPDFThreadSafeMutableDictionary.m */; settings = {COMPILER_FLAGS = "-w"; }; };
		BD9DC2D50A4A41399A5C167C /* sqlite3.c in Resources */ = {isa = PBXBuildFile; fileRef = B64316A8BB7F4311A5803B69 /* sqlite3.c */; settings = {COMPILER_FLAGS = "-w -DSQLITE_THREADSAFE=1 -DSQLITE_DEFAULT_SYNCHRONOUS=3 -DSQLITE_DEFAULT_MEMSTATUS=0 -DSQLITE_OMIT_DECLTYPE -DSQLITE_OMIT_DEPRECATED -DSQLITE_OMIT_PROGRESS_CALLBACK -DSQLITE_OMIT_SHARED_CACHE -DSQLITE_TEMP_STORE=2 -DSQLITE_OMIT_LOAD_EXTENSION -DSQLITE_ENABLE_FTS3 -DSQLITE_ENABLE_FTS3_PARENTHESIS -DSQLITE_ENABLE_FTS4 -DSQLITE_ENABLE_RTREE -DSQLITE_DEFAULT_PAGE_SIZE=1024 -DSQLITE_DEFAULT_CACHE_SIZE=2000"; }; };
		D6B819739A0448689ADBB024 /* CDVFile.m in Sources */ = {isa = PBXBuildFile; fileRef = CEFE1D24235B450DA0C68A2F /* CDVFile.m */; };
		3F1F2A2B20434D3885FC8F82 /* CDVLocalFilesystem.m in Sources */ = {isa = PBXBuildFile; fileRef = 4E8C0680F8F4419A89410B00 /* CDVLocalFilesystem.m */; };
		3CA3572CB6FC496B8581859A /* CDVAssetLibraryFilesystem.m in Sources */ = {isa = PBXBuildFile; fileRef = 600A88CB4C864376A0195470 /* CDVAssetLibraryFilesystem.m */; };
		399E1859F9BC46BDB11051CD /* CDVSplashScreen+IonicCordovaCommon.m in Sources */ = {isa = PBXBuildFile; fileRef = 51F96FF670DD4523876836C1 /* CDVSplashScreen+IonicCordovaCommon.m */; };
		5487F8EBB66E4A8DA0514FEE /* IonicCordovaCommon.m in Sources */ = {isa = PBXBuildFile; fileRef = FD9A0421746C425C91864AC2 /* IonicCordovaCommon.m */; };
		DC8D76D850E243F7A0E6E82E /* CDVConnection.m in Sources */ = {isa = PBXBuildFile; fileRef = C87F572F1C2B42A7B6548A31 /* CDVConnection.m */; };
		4C4605AE0F244F27B0D9689A /* CDVReachability.m in Sources */ = {isa = PBXBuildFile; fileRef = 6AA2BDDE29BD45B1A4AFAB44 /* CDVReachability.m */; };
		27388F15A13648B396A0430F /* SystemConfiguration.framework in Frameworks */ = {isa = PBXBuildFile; fileRef = DCD21379BAE0486CA1D586F9 /* SystemConfiguration.framework */; settings = {ATTRIBUTES = (Weak, ); }; };
		391A56065D514148AB17F513 /* CoreTelephony.framework in Frameworks */ = {isa = PBXBuildFile; fileRef = 5B1AEEE3C80B4D85A26B4348 /* CoreTelephony.framework */; };
/* End PBXBuildFile section */

/* Begin PBXContainerItemProxy section */
		301BF534109A57CC0062928A /* PBXContainerItemProxy */ = {
			isa = PBXContainerItemProxy;
			containerPortal = 301BF52D109A57CC0062928A /* CordovaLib.xcodeproj */;
			proxyType = 2;
			remoteGlobalIDString = D2AAC07E0554694100DB518D;
			remoteInfo = CordovaLib;
		};
		301BF550109A68C00062928A /* PBXContainerItemProxy */ = {
			isa = PBXContainerItemProxy;
			containerPortal = 301BF52D109A57CC0062928A /* CordovaLib.xcodeproj */;
			proxyType = 1;
			remoteGlobalIDString = D2AAC07D0554694100DB518D;
			remoteInfo = CordovaLib;
		};
/* End PBXContainerItemProxy section */

/* Begin PBXFileReference section */
		0207DA571B56EA530066E2B4 /* Images.xcassets */ = {isa = PBXFileReference; lastKnownFileType = folder.assetcatalog; name = Images.xcassets; path = "reboot/Images.xcassets"; sourceTree = SOURCE_ROOT; };
		1D3623240D0F684500981E51 /* AppDelegate.h */ = {isa = PBXFileReference; fileEncoding = 4; lastKnownFileType = sourcecode.c.h; path = AppDelegate.h; sourceTree = "<group>"; };
		1D3623250D0F684500981E51 /* AppDelegate.m */ = {isa = PBXFileReference; fileEncoding = 4; lastKnownFileType = sourcecode.c.objc; path = AppDelegate.m; sourceTree = "<group>"; };
		1D6058910D05DD3D006BFB54 /* reboot.app */ = {isa = PBXFileReference; explicitFileType = wrapper.application; includeInIndex = 0; path = "reboot.app"; sourceTree = BUILT_PRODUCTS_DIR; };
		29B97316FDCFA39411CA2CEA /* main.m */ = {isa = PBXFileReference; fileEncoding = 4; lastKnownFileType = sourcecode.c.objc; path = main.m; sourceTree = "<group>"; };
		301BF52D109A57CC0062928A /* CordovaLib.xcodeproj */ = {isa = PBXFileReference; lastKnownFileType = "wrapper.pb-project"; path = CordovaLib/CordovaLib.xcodeproj; sourceTree = "<group>"; };
		301BF56E109A69640062928A /* www */ = {isa = PBXFileReference; lastKnownFileType = folder; path = www; sourceTree = SOURCE_ROOT; };
		302D95EE14D2391D003F00A1 /* MainViewController.h */ = {isa = PBXFileReference; fileEncoding = 4; lastKnownFileType = sourcecode.c.h; path = MainViewController.h; sourceTree = "<group>"; };
		302D95EF14D2391D003F00A1 /* MainViewController.m */ = {isa = PBXFileReference; fileEncoding = 4; lastKnownFileType = sourcecode.c.objc; path = MainViewController.m; sourceTree = "<group>"; };
		302D95F014D2391D003F00A1 /* MainViewController.xib */ = {isa = PBXFileReference; fileEncoding = 4; lastKnownFileType = file.xib; path = MainViewController.xib; sourceTree = "<group>"; };
		3047A50F1AB8059700498E2A /* build-debug.xcconfig */ = {isa = PBXFileReference; fileEncoding = 4; lastKnownFileType = text.xcconfig; name = "build-debug.xcconfig"; path = cordova/build-debug.xcconfig; sourceTree = SOURCE_ROOT; };
		3047A5101AB8059700498E2A /* build-release.xcconfig */ = {isa = PBXFileReference; fileEncoding = 4; lastKnownFileType = text.xcconfig; name = "build-release.xcconfig"; path = cordova/build-release.xcconfig; sourceTree = SOURCE_ROOT; };
		3047A5111AB8059700498E2A /* build.xcconfig */ = {isa = PBXFileReference; fileEncoding = 4; lastKnownFileType = text.xcconfig; name = build.xcconfig; path = cordova/build.xcconfig; sourceTree = SOURCE_ROOT; };
		32CA4F630368D1EE00C91783 /* reboot-Prefix.pch */ = {isa = PBXFileReference; fileEncoding = 4; lastKnownFileType = sourcecode.c.h; path = "reboot-Prefix.pch"; sourceTree = "<group>"; };
		6AFF5BF81D6E424B00AB3073 /* CDVLaunchScreen.storyboard */ = {isa = PBXFileReference; fileEncoding = 4; lastKnownFileType = file.storyboard; name = CDVLaunchScreen.storyboard; path = "reboot/CDVLaunchScreen.storyboard"; sourceTree = SOURCE_ROOT; };
		8D1107310486CEB800E47090 /* reboot-Info.plist */ = {isa = PBXFileReference; fileEncoding = 4; lastKnownFileType = text.plist.xml; name = "reboot-Info.plist"; path = "reboot/reboot-Info.plist"; plistStructureDefinitionIdentifier = "com.apple.xcode.plist.structure-definition.iphone.info-plist"; sourceTree = SOURCE_ROOT; };
		EB87FDF31871DA8E0020F90C /* www */ = {isa = PBXFileReference; lastKnownFileType = folder; name = www; path = ../../www; sourceTree = "<group>"; };
		EB87FDF41871DAF40020F90C /* config.xml */ = {isa = PBXFileReference; lastKnownFileType = text.xml; name = config.xml; path = ../../config.xml; sourceTree = "<group>"; };
		F840E1F0165FE0F500CFE078 /* config.xml */ = {isa = PBXFileReference; lastKnownFileType = text.xml; name = config.xml; path = "reboot/config.xml"; sourceTree = "<group>"; };
		ED33DF2A687741AEAF9F8254 /* Bridging-Header.h */ = {isa = PBXFileReference; fileEncoding = 4; lastKnownFileType = sourcecode.c.h; name = "Bridging-Header.h"; path = "Bridging-Header.h"; sourceTree = "<group>"; };
		C4CBEEB5BC124B06914D28DE /* CDVStatusBar.m */ = {isa = PBXFileReference; name = "CDVStatusBar.m"; path = "cordova-plugin-statusbar/CDVStatusBar.m"; sourceTree = "<group>"; fileEncoding = 4; lastKnownFileType = sourcecode.c.objc; explicitFileType = undefined; includeInIndex = 0; };
		1870A83FE6ED43B197A04D92 /* CDVStatusBar.h */ = {isa = PBXFileReference; name = "CDVStatusBar.h"; path = "cordova-plugin-statusbar/CDVStatusBar.h"; sourceTree = "<group>"; fileEncoding = 4; lastKnownFileType = sourcecode.c.h; explicitFileType = undefined; includeInIndex = 0; };
		DCFCD5C0067D4F18A5F07FA6 /* CDVDevice.m */ = {isa = PBXFileReference; name = "CDVDevice.m"; path = "cordova-plugin-device/CDVDevice.m"; sourceTree = "<group>"; fileEncoding = 4; lastKnownFileType = sourcecode.c.objc; explicitFileType = undefined; includeInIndex = 0; };
		339CA01AC6BE4B09899BEB92 /* CDVDevice.h */ = {isa = PBXFileReference; name = "CDVDevice.h"; path = "cordova-plugin-device/CDVDevice.h"; sourceTree = "<group>"; fileEncoding = 4; lastKnownFileType = sourcecode.c.h; explicitFileType = undefined; includeInIndex = 0; };
		BCE78A41ED0A415EAC54AF64 /* CDVSplashScreen.m */ = {isa = PBXFileReference; name = "CDVSplashScreen.m"; path = "cordova-plugin-splashscreen/CDVSplashScreen.m"; sourceTree = "<group>"; fileEncoding = 4; lastKnownFileType = sourcecode.c.objc; explicitFileType = undefined; includeInIndex = 0; };
		856FBD391169488281CF1CE5 /* CDVViewController+SplashScreen.m */ = {isa = PBXFileReference; name = "CDVViewController+SplashScreen.m"; path = "cordova-plugin-splashscreen/CDVViewController+SplashScreen.m"; sourceTree = "<group>"; fileEncoding = 4; lastKnownFileType = sourcecode.c.objc; explicitFileType = undefined; includeInIndex = 0; };
		C9DA9E7EBFDA40B885872AB7 /* CDVSplashScreen.h */ = {isa = PBXFileReference; name = "CDVSplashScreen.h"; path = "cordova-plugin-splashscreen/CDVSplashScreen.h"; sourceTree = "<group>"; fileEncoding = 4; lastKnownFileType = sourcecode.c.h; explicitFileType = undefined; includeInIndex = 0; };
		C6C6E85D3F5F434F9BB08D82 /* CDVViewController+SplashScreen.h */ = {isa = PBXFileReference; name = "CDVViewController+SplashScreen.h"; path = "cordova-plugin-splashscreen/CDVViewController+SplashScreen.h"; sourceTree = "<group>"; fileEncoding = 4; lastKnownFileType = sourcecode.c.h; explicitFileType = undefined; includeInIndex = 0; };
		11D7511DB139411A9EC0E119 /* CDVWKWebViewEngine.m */ = {isa = PBXFileReference; name = "CDVWKWebViewEngine.m"; path = "cordova-plugin-ionic-webview/CDVWKWebViewEngine.m"; sourceTree = "<group>"; fileEncoding = 4; lastKnownFileType = sourcecode.c.objc; explicitFileType = undefined; includeInIndex = 0; };
		1FAADFDB8E9A4A288E378F05 /* CDVWKWebViewUIDelegate.m */ = {isa = PBXFileReference; name = "CDVWKWebViewUIDelegate.m"; path = "cordova-plugin-ionic-webview/CDVWKWebViewUIDelegate.m"; sourceTree = "<group>"; fileEncoding = 4; lastKnownFileType = sourcecode.c.objc; explicitFileType = undefined; includeInIndex = 0; };
		79EA3B93F2D44CA2A6B86DA4 /* CDVWKProcessPoolFactory.m */ = {isa = PBXFileReference; name = "CDVWKProcessPoolFactory.m"; path = "cordova-plugin-ionic-webview/CDVWKProcessPoolFactory.m"; sourceTree = "<group>"; fileEncoding = 4; lastKnownFileType = sourcecode.c.objc; explicitFileType = undefined; includeInIndex = 0; };
		0CAE6F8D223A4621BD8DAE91 /* IONAssetHandler.m */ = {isa = PBXFileReference; name = "IONAssetHandler.m"; path = "cordova-plugin-ionic-webview/IONAssetHandler.m"; sourceTree = "<group>"; fileEncoding = 4; lastKnownFileType = sourcecode.c.objc; explicitFileType = undefined; includeInIndex = 0; };
		83D0DC06CA6C4D1492FA63A5 /* GCDWebServer.m */ = {isa = PBXFileReference; name = "GCDWebServer.m"; path = "cordova-plugin-ionic-webview/GCDWebServer.m"; sourceTree = "<group>"; fileEncoding = 4; lastKnownFileType = sourcecode.c.objc; explicitFileType = undefined; includeInIndex = 0; };
		DB97EE60860D475394E822D5 /* GCDWebServerConnection.m */ = {isa = PBXFileReference; name = "GCDWebServerConnection.m"; path = "cordova-plugin-ionic-webview/GCDWebServerConnection.m"; sourceTree = "<group>"; fileEncoding = 4; lastKnownFileType = sourcecode.c.objc; explicitFileType = undefined; includeInIndex = 0; };
		10165EF3A6C84CE89D2FC673 /* GCDWebServerFunctions.m */ = {isa = PBXFileReference; name = "GCDWebServerFunctions.m"; path = "cordova-plugin-ionic-webview/GCDWebServerFunctions.m"; sourceTree = "<group>"; fileEncoding = 4; lastKnownFileType = sourcecode.c.objc; explicitFileType = undefined; includeInIndex = 0; };
		6676E37EAD0041C2AA1767FA /* GCDWebServerRequest.m */ = {isa = PBXFileReference; name = "GCDWebServerRequest.m"; path = "cordova-plugin-ionic-webview/GCDWebServerRequest.m"; sourceTree = "<group>"; fileEncoding = 4; lastKnownFileType = sourcecode.c.objc; explicitFileType = undefined; includeInIndex = 0; };
		01AA77595AD7400487C4CF0A /* GCDWebServerResponse.m */ = {isa = PBXFileReference; name = "GCDWebServerResponse.m"; path = "cordova-plugin-ionic-webview/GCDWebServerResponse.m"; sourceTree = "<group>"; fileEncoding = 4; lastKnownFileType = sourcecode.c.objc; explicitFileType = undefined; includeInIndex = 0; };
		50C9DCEA5958449EA2EAEF83 /* GCDWebServerDataRequest.m */ = {isa = PBXFileReference; name = "GCDWebServerDataRequest.m"; path = "cordova-plugin-ionic-webview/GCDWebServerDataRequest.m"; sourceTree = "<group>"; fileEncoding = 4; lastKnownFileType = sourcecode.c.objc; explicitFileType = undefined; includeInIndex = 0; };
		6801C42953C54FD4A8C47267 /* GCDWebServerFileRequest.m */ = {isa = PBXFileReference; name = "GCDWebServerFileRequest.m"; path = "cordova-plugin-ionic-webview/GCDWebServerFileRequest.m"; sourceTree = "<group>"; fileEncoding = 4; lastKnownFileType = sourcecode.c.objc; explicitFileType = undefined; includeInIndex = 0; };
		622824C6609347A3BAEF18BB /* GCDWebServerMultiPartFormRequest.m */ = {isa = PBXFileReference; name = "GCDWebServerMultiPartFormRequest.m"; path = "cordova-plugin-ionic-webview/GCDWebServerMultiPartFormRequest.m"; sourceTree = "<group>"; fileEncoding = 4; lastKnownFileType = sourcecode.c.objc; explicitFileType = undefined; includeInIndex = 0; };
		2C28DEE84B6342548F10404D /* GCDWebServerURLEncodedFormRequest.m */ = {isa = PBXFileReference; name = "GCDWebServerURLEncodedFormRequest.m"; path = "cordova-plugin-ionic-webview/GCDWebServerURLEncodedFormRequest.m"; sourceTree = "<group>"; fileEncoding = 4; lastKnownFileType = sourcecode.c.objc; explicitFileType = undefined; includeInIndex = 0; };
		35B4F35D842D48EEB9C43AF1 /* GCDWebServerDataResponse.m */ = {isa = PBXFileReference; name = "GCDWebServerDataResponse.m"; path = "cordova-plugin-ionic-webview/GCDWebServerDataResponse.m"; sourceTree = "<group>"; fileEncoding = 4; lastKnownFileType = sourcecode.c.objc; explicitFileType = undefined; includeInIndex = 0; };
		BAC43DFF0ED84F67B7E89AA1 /* GCDWebServerErrorResponse.m */ = {isa = PBXFileReference; name = "GCDWebServerErrorResponse.m"; path = "cordova-plugin-ionic-webview/GCDWebServerErrorResponse.m"; sourceTree = "<group>"; fileEncoding = 4; lastKnownFileType = sourcecode.c.objc; explicitFileType = undefined; includeInIndex = 0; };
		72ABDEB87D7A40339C0D1EA6 /* GCDWebServerFileResponse.m */ = {isa = PBXFileReference; name = "GCDWebServerFileResponse.m"; path = "cordova-plugin-ionic-webview/GCDWebServerFileResponse.m"; sourceTree = "<group>"; fileEncoding = 4; lastKnownFileType = sourcecode.c.objc; explicitFileType = undefined; includeInIndex = 0; };
		A2B8F25C531F4AF3B3D908CD /* GCDWebServerStreamedResponse.m */ = {isa = PBXFileReference; name = "GCDWebServerStreamedResponse.m"; path = "cordova-plugin-ionic-webview/GCDWebServerStreamedResponse.m"; sourceTree = "<group>"; fileEncoding = 4; lastKnownFileType = sourcecode.c.objc; explicitFileType = undefined; includeInIndex = 0; };
		0ADDC19E6C434A96BFD61993 /* CDVWKWebViewEngine.h */ = {isa = PBXFileReference; name = "CDVWKWebViewEngine.h"; path = "cordova-plugin-ionic-webview/CDVWKWebViewEngine.h"; sourceTree = "<group>"; fileEncoding = 4; lastKnownFileType = sourcecode.c.h; explicitFileType = undefined; includeInIndex = 0; };
		467459AB09B94CE6B764C17F /* CDVWKWebViewUIDelegate.h */ = {isa = PBXFileReference; name = "CDVWKWebViewUIDelegate.h"; path = "cordova-plugin-ionic-webview/CDVWKWebViewUIDelegate.h"; sourceTree = "<group>"; fileEncoding = 4; lastKnownFileType = sourcecode.c.h; explicitFileType = undefined; includeInIndex = 0; };
		A3C70FC8A1C0477EA017714B /* CDVWKProcessPoolFactory.h */ = {isa = PBXFileReference; name = "CDVWKProcessPoolFactory.h"; path = "cordova-plugin-ionic-webview/CDVWKProcessPoolFactory.h"; sourceTree = "<group>"; fileEncoding = 4; lastKnownFileType = sourcecode.c.h; explicitFileType = undefined; includeInIndex = 0; };
		4BBA4DCB424640C7AE0B8126 /* IONAssetHandler.h */ = {isa = PBXFileReference; name = "IONAssetHandler.h"; path = "cordova-plugin-ionic-webview/IONAssetHandler.h"; sourceTree = "<group>"; fileEncoding = 4; lastKnownFileType = sourcecode.c.h; explicitFileType = undefined; includeInIndex = 0; };
		74D04A20AA1C4422B1C31018 /* GCDWebServer.h */ = {isa = PBXFileReference; name = "GCDWebServer.h"; path = "cordova-plugin-ionic-webview/GCDWebServer.h"; sourceTree = "<group>"; fileEncoding = 4; lastKnownFileType = sourcecode.c.h; explicitFileType = undefined; includeInIndex = 0; };
		E725A197E4C448749524C28B /* GCDWebServerConnection.h */ = {isa = PBXFileReference; name = "GCDWebServerConnection.h"; path = "cordova-plugin-ionic-webview/GCDWebServerConnection.h"; sourceTree = "<group>"; fileEncoding = 4; lastKnownFileType = sourcecode.c.h; explicitFileType = undefined; includeInIndex = 0; };
		A31B1E0F4E344AAD9290CA63 /* GCDWebServerFunctions.h */ = {isa = PBXFileReference; name = "GCDWebServerFunctions.h"; path = "cordova-plugin-ionic-webview/GCDWebServerFunctions.h"; sourceTree = "<group>"; fileEncoding = 4; lastKnownFileType = sourcecode.c.h; explicitFileType = undefined; includeInIndex = 0; };
		3E7330E7A79048BCAC4B5656 /* GCDWebServerHTTPStatusCodes.h */ = {isa = PBXFileReference; name = "GCDWebServerHTTPStatusCodes.h"; path = "cordova-plugin-ionic-webview/GCDWebServerHTTPStatusCodes.h"; sourceTree = "<group>"; fileEncoding = 4; lastKnownFileType = sourcecode.c.h; explicitFileType = undefined; includeInIndex = 0; };
		D4C70D3055264BBBA3622F40 /* GCDWebServerPrivate.h */ = {isa = PBXFileReference; name = "GCDWebServerPrivate.h"; path = "cordova-plugin-ionic-webview/GCDWebServerPrivate.h"; sourceTree = "<group>"; fileEncoding = 4; lastKnownFileType = sourcecode.c.h; explicitFileType = undefined; includeInIndex = 0; };
		22A74264344C4E17B73F9A74 /* GCDWebServerRequest.h */ = {isa = PBXFileReference; name = "GCDWebServerRequest.h"; path = "cordova-plugin-ionic-webview/GCDWebServerRequest.h"; sourceTree = "<group>"; fileEncoding = 4; lastKnownFileType = sourcecode.c.h; explicitFileType = undefined; includeInIndex = 0; };
		64146440E49F48B88CD334E8 /* GCDWebServerResponse.h */ = {isa = PBXFileReference; name = "GCDWebServerResponse.h"; path = "cordova-plugin-ionic-webview/GCDWebServerResponse.h"; sourceTree = "<group>"; fileEncoding = 4; lastKnownFileType = sourcecode.c.h; explicitFileType = undefined; includeInIndex = 0; };
		1C60DBD01B3B4BD594B0A859 /* GCDWebServerDataRequest.h */ = {isa = PBXFileReference; name = "GCDWebServerDataRequest.h"; path = "cordova-plugin-ionic-webview/GCDWebServerDataRequest.h"; sourceTree = "<group>"; fileEncoding = 4; lastKnownFileType = sourcecode.c.h; explicitFileType = undefined; includeInIndex = 0; };
		E1E5A07251FE4AFF9552C8FA /* GCDWebServerFileRequest.h */ = {isa = PBXFileReference; name = "GCDWebServerFileRequest.h"; path = "cordova-plugin-ionic-webview/GCDWebServerFileRequest.h"; sourceTree = "<group>"; fileEncoding = 4; lastKnownFileType = sourcecode.c.h; explicitFileType = undefined; includeInIndex = 0; };
		5B331283F861417AB5612FAD /* GCDWebServerMultiPartFormRequest.h */ = {isa = PBXFileReference; name = "GCDWebServerMultiPartFormRequest.h"; path = "cordova-plugin-ionic-webview/GCDWebServerMultiPartFormRequest.h"; sourceTree = "<group>"; fileEncoding = 4; lastKnownFileType = sourcecode.c.h; explicitFileType = undefined; includeInIndex = 0; };
		A178782C63F54DB184239F11 /* GCDWebServerURLEncodedFormRequest.h */ = {isa = PBXFileReference; name = "GCDWebServerURLEncodedFormRequest.h"; path = "cordova-plugin-ionic-webview/GCDWebServerURLEncodedFormRequest.h"; sourceTree = "<group>"; fileEncoding = 4; lastKnownFileType = sourcecode.c.h; explicitFileType = undefined; includeInIndex = 0; };
		5BF637C7819A45FEBA3FAA78 /* GCDWebServerDataResponse.h */ = {isa = PBXFileReference; name = "GCDWebServerDataResponse.h"; path = "cordova-plugin-ionic-webview/GCDWebServerDataResponse.h"; sourceTree = "<group>"; fileEncoding = 4; lastKnownFileType = sourcecode.c.h; explicitFileType = undefined; includeInIndex = 0; };
		371B8D3E7F3849E296DE079C /* GCDWebServerErrorResponse.h */ = {isa = PBXFileReference; name = "GCDWebServerErrorResponse.h"; path = "cordova-plugin-ionic-webview/GCDWebServerErrorResponse.h"; sourceTree = "<group>"; fileEncoding = 4; lastKnownFileType = sourcecode.c.h; explicitFileType = undefined; includeInIndex = 0; };
		266445654E884BF2A733D1B6 /* GCDWebServerFileResponse.h */ = {isa = PBXFileReference; name = "GCDWebServerFileResponse.h"; path = "cordova-plugin-ionic-webview/GCDWebServerFileResponse.h"; sourceTree = "<group>"; fileEncoding = 4; lastKnownFileType = sourcecode.c.h; explicitFileType = undefined; includeInIndex = 0; };
		BF4FD4DDE4B9489E91BE07BF /* GCDWebServerStreamedResponse.h */ = {isa = PBXFileReference; name = "GCDWebServerStreamedResponse.h"; path = "cordova-plugin-ionic-webview/GCDWebServerStreamedResponse.h"; sourceTree = "<group>"; fileEncoding = 4; lastKnownFileType = sourcecode.c.h; explicitFileType = undefined; includeInIndex = 0; };
		5B705CBDDF7943A7ADE566FB /* WebKit.framework */ = {isa = PBXFileReference; name = "WebKit.framework"; path = "System/Library/Frameworks/WebKit.framework"; sourceTree = SDKROOT; fileEncoding = undefined; lastKnownFileType = wrapper.framework; explicitFileType = undefined; includeInIndex = 0; };
		0659EB85D1AE46E5AC9F5859 /* libz.tbd */ = {isa = PBXFileReference; name = "libz.tbd"; path = "usr/lib/libz.tbd"; sourceTree = SDKROOT; fileEncoding = undefined; lastKnownFileType = sourcecode.text-based-dylib-definition; explicitFileType = undefined; includeInIndex = 0; };
		DB3130129AF94A00B2BB219D /* CDVIonicKeyboard.m */ = {isa = PBXFileReference; name = "CDVIonicKeyboard.m"; path = "cordova-plugin-ionic-keyboard/CDVIonicKeyboard.m"; sourceTree = "<group>"; fileEncoding = 4; lastKnownFileType = sourcecode.c.objc; explicitFileType = undefined; includeInIndex = 0; };
		F51B7D4C7329498AB7456C2A /* CDVIonicKeyboard.h */ = {isa = PBXFileReference; name = "CDVIonicKeyboard.h"; path = "cordova-plugin-ionic-keyboard/CDVIonicKeyboard.h"; sourceTree = "<group>"; fileEncoding = 4; lastKnownFileType = sourcecode.c.h; explicitFileType = undefined; includeInIndex = 0; };
		CA6AAD629D4C4FE589788C76 /* SQLitePlugin.m */ = {isa = PBXFileReference; name = "SQLitePlugin.m"; path = "cordova-sqlite-storage/SQLitePlugin.m"; sourceTree = "<group>"; fileEncoding = 4; lastKnownFileType = sourcecode.c.objc; explicitFileType = undefined; includeInIndex = 0; };
		D777CEBCDA2E46C9879177F7 /* PSPDFThreadSafeMutableDictionary.m */ = {isa = PBXFileReference; name = "PSPDFThreadSafeMutableDictionary.m"; path = "cordova-sqlite-storage/PSPDFThreadSafeMutableDictionary.m"; sourceTree = "<group>"; fileEncoding = 4; lastKnownFileType = sourcecode.c.objc; explicitFileType = undefined; includeInIndex = 0; };
		B64316A8BB7F4311A5803B69 /* sqlite3.c */ = {isa = PBXFileReference; name = "sqlite3.c"; path = "cordova-sqlite-storage/sqlite3.c"; sourceTree = "<group>"; fileEncoding = undefined; lastKnownFileType = unknown; explicitFileType = undefined; includeInIndex = 0; };
		B99C05B0C2F2481494D433DA /* SQLitePlugin.h */ = {isa = PBXFileReference; name = "SQLitePlugin.h"; path = "cordova-sqlite-storage/SQLitePlugin.h"; sourceTree = "<group>"; fileEncoding = 4; lastKnownFileType = sourcecode.c.h; explicitFileType = undefined; includeInIndex = 0; };
		3664F48C698A4183B14AE909 /* PSPDFThreadSafeMutableDictionary.h */ = {isa = PBXFileReference; name = "PSPDFThreadSafeMutableDictionary.h"; path = "cordova-sqlite-storage/PSPDFThreadSafeMutableDictionary.h"; sourceTree = "<group>"; fileEncoding = 4; lastKnownFileType = sourcecode.c.h; explicitFileType = undefined; includeInIndex = 0; };
		248F3E096A6045B6A717D44C /* sqlite3.h */ = {isa = PBXFileReference; name = "sqlite3.h"; path = "cordova-sqlite-storage/sqlite3.h"; sourceTree = "<group>"; fileEncoding = 4; lastKnownFileType = sourcecode.c.h; explicitFileType = undefined; includeInIndex = 0; };
		CEFE1D24235B450DA0C68A2F /* CDVFile.m */ = {isa = PBXFileReference; name = "CDVFile.m"; path = "cordova-plugin-file/CDVFile.m"; sourceTree = "<group>"; fileEncoding = 4; lastKnownFileType = sourcecode.c.objc; explicitFileType = undefined; includeInIndex = 0; };
		4E8C0680F8F4419A89410B00 /* CDVLocalFilesystem.m */ = {isa = PBXFileReference; name = "CDVLocalFilesystem.m"; path = "cordova-plugin-file/CDVLocalFilesystem.m"; sourceTree = "<group>"; fileEncoding = 4; lastKnownFileType = sourcecode.c.objc; explicitFileType = undefined; includeInIndex = 0; };
		600A88CB4C864376A0195470 /* CDVAssetLibraryFilesystem.m */ = {isa = PBXFileReference; name = "CDVAssetLibraryFilesystem.m"; path = "cordova-plugin-file/CDVAssetLibraryFilesystem.m"; sourceTree = "<group>"; fileEncoding = 4; lastKnownFileType = sourcecode.c.objc; explicitFileType = undefined; includeInIndex = 0; };
		D1FC522517AB47AD8B8051DE /* CDVFile.h */ = {isa = PBXFileReference; name = "CDVFile.h"; path = "cordova-plugin-file/CDVFile.h"; sourceTree = "<group>"; fileEncoding = 4; lastKnownFileType = sourcecode.c.h; explicitFileType = undefined; includeInIndex = 0; };
		16CDE7244E0B4265A40BABB1 /* CDVLocalFilesystem.h */ = {isa = PBXFileReference; name = "CDVLocalFilesystem.h"; path = "cordova-plugin-file/CDVLocalFilesystem.h"; sourceTree = "<group>"; fileEncoding = 4; lastKnownFileType = sourcecode.c.h; explicitFileType = undefined; includeInIndex = 0; };
		CFCD3F997D134D6E9D9BBA96 /* CDVAssetLibraryFilesystem.h */ = {isa = PBXFileReference; name = "CDVAssetLibraryFilesystem.h"; path = "cordova-plugin-file/CDVAssetLibraryFilesystem.h"; sourceTree = "<group>"; fileEncoding = 4; lastKnownFileType = sourcecode.c.h; explicitFileType = undefined; includeInIndex = 0; };
		51F96FF670DD4523876836C1 /* CDVSplashScreen+IonicCordovaCommon.m */ = {isa = PBXFileReference; name = "CDVSplashScreen+IonicCordovaCommon.m"; path = "cordova-plugin-ionic/CDVSplashScreen+IonicCordovaCommon.m"; sourceTree = "<group>"; fileEncoding = 4; lastKnownFileType = sourcecode.c.objc; explicitFileType = undefined; includeInIndex = 0; };
		FD9A0421746C425C91864AC2 /* IonicCordovaCommon.m */ = {isa = PBXFileReference; name = "IonicCordovaCommon.m"; path = "cordova-plugin-ionic/IonicCordovaCommon.m"; sourceTree = "<group>"; fileEncoding = 4; lastKnownFileType = sourcecode.c.objc; explicitFileType = undefined; includeInIndex = 0; };
		ED07526104664D3B9289F851 /* CDVSplashScreen+IonicCordovaCommon.h */ = {isa = PBXFileReference; name = "CDVSplashScreen+IonicCordovaCommon.h"; path = "cordova-plugin-ionic/CDVSplashScreen+IonicCordovaCommon.h"; sourceTree = "<group>"; fileEncoding = 4; lastKnownFileType = sourcecode.c.h; explicitFileType = undefined; includeInIndex = 0; };
		4722206A5D044D6E800A59A7 /* IonicCordovaCommon.h */ = {isa = PBXFileReference; name = "IonicCordovaCommon.h"; path = "cordova-plugin-ionic/IonicCordovaCommon.h"; sourceTree = "<group>"; fileEncoding = 4; lastKnownFileType = sourcecode.c.h; explicitFileType = undefined; includeInIndex = 0; };
		C87F572F1C2B42A7B6548A31 /* CDVConnection.m */ = {isa = PBXFileReference; name = "CDVConnection.m"; path = "cordova-plugin-network-information/CDVConnection.m"; sourceTree = "<group>"; fileEncoding = 4; lastKnownFileType = sourcecode.c.objc; explicitFileType = undefined; includeInIndex = 0; };
		6AA2BDDE29BD45B1A4AFAB44 /* CDVReachability.m */ = {isa = PBXFileReference; name = "CDVReachability.m"; path = "cordova-plugin-network-information/CDVReachability.m"; sourceTree = "<group>"; fileEncoding = 4; lastKnownFileType = sourcecode.c.objc; explicitFileType = undefined; includeInIndex = 0; };
		BC02E4998F66469B97CB66D0 /* CDVConnection.h */ = {isa = PBXFileReference; name = "CDVConnection.h"; path = "cordova-plugin-network-information/CDVConnection.h"; sourceTree = "<group>"; fileEncoding = 4; lastKnownFileType = sourcecode.c.h; explicitFileType = undefined; includeInIndex = 0; };
		9E0A418175494688B1914792 /* CDVReachability.h */ = {isa = PBXFileReference; name = "CDVReachability.h"; path = "cordova-plugin-network-information/CDVReachability.h"; sourceTree = "<group>"; fileEncoding = 4; lastKnownFileType = sourcecode.c.h; explicitFileType = undefined; includeInIndex = 0; };
		DCD21379BAE0486CA1D586F9 /* SystemConfiguration.framework */ = {isa = PBXFileReference; name = "SystemConfiguration.framework"; path = "System/Library/Frameworks/SystemConfiguration.framework"; sourceTree = SDKROOT; fileEncoding = undefined; lastKnownFileType = wrapper.framework; explicitFileType = undefined; includeInIndex = 0; };
		5B1AEEE3C80B4D85A26B4348 /* CoreTelephony.framework */ = {isa = PBXFileReference; name = "CoreTelephony.framework"; path = "System/Library/Frameworks/CoreTelephony.framework"; sourceTree = SDKROOT; fileEncoding = undefined; lastKnownFileType = wrapper.framework; explicitFileType = undefined; includeInIndex = 0; };
/* End PBXFileReference section */

/* Begin PBXFrameworksBuildPhase section */
		1D60588F0D05DD3D006BFB54 /* Frameworks */ = {
			isa = PBXFrameworksBuildPhase;
			buildActionMask = 2147483647;
			files = (
				301BF552109A68D80062928A /* libCordova.a in Frameworks */,
				AD7F08FDC4594B9BB3E38850 /* WebKit.framework in Frameworks */,
				BC3D2D2D49F24BFD9DFA58F4 /* libz.tbd in Frameworks */,
				27388F15A13648B396A0430F /* SystemConfiguration.framework in Frameworks */,
				391A56065D514148AB17F513 /* CoreTelephony.framework in Frameworks */,
			);
			runOnlyForDeploymentPostprocessing = 0;
		};
/* End PBXFrameworksBuildPhase section */

/* Begin PBXGroup section */
		080E96DDFE201D6D7F000001 /* Classes */ = {
			isa = PBXGroup;
			children = (
				302D95EE14D2391D003F00A1 /* MainViewController.h */,
				302D95EF14D2391D003F00A1 /* MainViewController.m */,
				302D95F014D2391D003F00A1 /* MainViewController.xib */,
				1D3623240D0F684500981E51 /* AppDelegate.h */,
				1D3623250D0F684500981E51 /* AppDelegate.m */,
			);
			name = Classes;
			path = "reboot/Classes";
			sourceTree = SOURCE_ROOT;
		};
		19C28FACFE9D520D11CA2CBB /* Products */ = {
			isa = PBXGroup;
			children = (
				1D6058910D05DD3D006BFB54 /* reboot.app */,
			);
			name = Products;
			sourceTree = "<group>";
		};
		29B97314FDCFA39411CA2CEA /* CustomTemplate */ = {
			isa = PBXGroup;
			children = (
				EB87FDF41871DAF40020F90C /* config.xml */,
				EB87FDF31871DA8E0020F90C /* www */,
				EB87FDF11871DA420020F90C /* Staging */,
				301BF52D109A57CC0062928A /* CordovaLib.xcodeproj */,
				080E96DDFE201D6D7F000001 /* Classes */,
				307C750510C5A3420062BCA9 /* Plugins */,
				29B97315FDCFA39411CA2CEA /* Other Sources */,
				29B97317FDCFA39411CA2CEA /* Resources */,
				29B97323FDCFA39411CA2CEA /* Frameworks */,
				19C28FACFE9D520D11CA2CBB /* Products */,
			);
			name = CustomTemplate;
			sourceTree = "<group>";
		};
		29B97315FDCFA39411CA2CEA /* Other Sources */ = {
			isa = PBXGroup;
			children = (
				32CA4F630368D1EE00C91783 /* reboot-Prefix.pch */,
				29B97316FDCFA39411CA2CEA /* main.m */,
				ED33DF2A687741AEAF9F8254 /* Bridging-Header.h */,
			);
			name = "Other Sources";
			path = "reboot";
			sourceTree = "<group>";
		};
		29B97317FDCFA39411CA2CEA /* Resources */ = {
			isa = PBXGroup;
			children = (
				0207DA571B56EA530066E2B4 /* Images.xcassets */,
				3047A50E1AB8057F00498E2A /* config */,
				8D1107310486CEB800E47090 /* reboot-Info.plist */,
				6AFF5BF81D6E424B00AB3073 /* CDVLaunchScreen.storyboard */,
			);
			name = Resources;
			path = "reboot/Resources";
			sourceTree = "<group>";
		};
		29B97323FDCFA39411CA2CEA /* Frameworks */ = {
			isa = PBXGroup;
			children = (
				5B705CBDDF7943A7ADE566FB /* WebKit.framework */,
				0659EB85D1AE46E5AC9F5859 /* libz.tbd */,
				DCD21379BAE0486CA1D586F9 /* SystemConfiguration.framework */,
				5B1AEEE3C80B4D85A26B4348 /* CoreTelephony.framework */,
			);
			name = Frameworks;
			sourceTree = "<group>";
		};
		301BF52E109A57CC0062928A /* Products */ = {
			isa = PBXGroup;
			children = (
				301BF535109A57CC0062928A /* libCordova.a */,
			);
			name = Products;
			sourceTree = "<group>";
		};
		3047A50E1AB8057F00498E2A /* config */ = {
			isa = PBXGroup;
			children = (
				3047A50F1AB8059700498E2A /* build-debug.xcconfig */,
				3047A5101AB8059700498E2A /* build-release.xcconfig */,
				3047A5111AB8059700498E2A /* build.xcconfig */,
			);
			name = config;
			sourceTree = "<group>";
		};
		307C750510C5A3420062BCA9 /* Plugins */ = {
			isa = PBXGroup;
			children = (
				C4CBEEB5BC124B06914D28DE /* CDVStatusBar.m */,
				1870A83FE6ED43B197A04D92 /* CDVStatusBar.h */,
				DCFCD5C0067D4F18A5F07FA6 /* CDVDevice.m */,
				339CA01AC6BE4B09899BEB92 /* CDVDevice.h */,
				BCE78A41ED0A415EAC54AF64 /* CDVSplashScreen.m */,
				856FBD391169488281CF1CE5 /* CDVViewController+SplashScreen.m */,
				C9DA9E7EBFDA40B885872AB7 /* CDVSplashScreen.h */,
				C6C6E85D3F5F434F9BB08D82 /* CDVViewController+SplashScreen.h */,
				11D7511DB139411A9EC0E119 /* CDVWKWebViewEngine.m */,
				1FAADFDB8E9A4A288E378F05 /* CDVWKWebViewUIDelegate.m */,
				79EA3B93F2D44CA2A6B86DA4 /* CDVWKProcessPoolFactory.m */,
				0CAE6F8D223A4621BD8DAE91 /* IONAssetHandler.m */,
				83D0DC06CA6C4D1492FA63A5 /* GCDWebServer.m */,
				DB97EE60860D475394E822D5 /* GCDWebServerConnection.m */,
				10165EF3A6C84CE89D2FC673 /* GCDWebServerFunctions.m */,
				6676E37EAD0041C2AA1767FA /* GCDWebServerRequest.m */,
				01AA77595AD7400487C4CF0A /* GCDWebServerResponse.m */,
				50C9DCEA5958449EA2EAEF83 /* GCDWebServerDataRequest.m */,
				6801C42953C54FD4A8C47267 /* GCDWebServerFileRequest.m */,
				622824C6609347A3BAEF18BB /* GCDWebServerMultiPartFormRequest.m */,
				2C28DEE84B6342548F10404D /* GCDWebServerURLEncodedFormRequest.m */,
				35B4F35D842D48EEB9C43AF1 /* GCDWebServerDataResponse.m */,
				BAC43DFF0ED84F67B7E89AA1 /* GCDWebServerErrorResponse.m */,
				72ABDEB87D7A40339C0D1EA6 /* GCDWebServerFileResponse.m */,
				A2B8F25C531F4AF3B3D908CD /* GCDWebServerStreamedResponse.m */,
				0ADDC19E6C434A96BFD61993 /* CDVWKWebViewEngine.h */,
				467459AB09B94CE6B764C17F /* CDVWKWebViewUIDelegate.h */,
				A3C70FC8A1C0477EA017714B /* CDVWKProcessPoolFactory.h */,
				4BBA4DCB424640C7AE0B8126 /* IONAssetHandler.h */,
				74D04A20AA1C4422B1C31018 /* GCDWebServer.h */,
				E725A197E4C448749524C28B /* GCDWebServerConnection.h */,
				A31B1E0F4E344AAD9290CA63 /* GCDWebServerFunctions.h */,
				3E7330E7A79048BCAC4B5656 /* GCDWebServerHTTPStatusCodes.h */,
				D4C70D3055264BBBA3622F40 /* GCDWebServerPrivate.h */,
				22A74264344C4E17B73F9A74 /* GCDWebServerRequest.h */,
				64146440E49F48B88CD334E8 /* GCDWebServerResponse.h */,
				1C60DBD01B3B4BD594B0A859 /* GCDWebServerDataRequest.h */,
				E1E5A07251FE4AFF9552C8FA /* GCDWebServerFileRequest.h */,
				5B331283F861417AB5612FAD /* GCDWebServerMultiPartFormRequest.h */,
				A178782C63F54DB184239F11 /* GCDWebServerURLEncodedFormRequest.h */,
				5BF637C7819A45FEBA3FAA78 /* GCDWebServerDataResponse.h */,
				371B8D3E7F3849E296DE079C /* GCDWebServerErrorResponse.h */,
				266445654E884BF2A733D1B6 /* GCDWebServerFileResponse.h */,
				BF4FD4DDE4B9489E91BE07BF /* GCDWebServerStreamedResponse.h */,
				DB3130129AF94A00B2BB219D /* CDVIonicKeyboard.m */,
				F51B7D4C7329498AB7456C2A /* CDVIonicKeyboard.h */,
				CA6AAD629D4C4FE589788C76 /* SQLitePlugin.m */,
				D777CEBCDA2E46C9879177F7 /* PSPDFThreadSafeMutableDictionary.m */,
				B64316A8BB7F4311A5803B69 /* sqlite3.c */,
				B99C05B0C2F2481494D433DA /* SQLitePlugin.h */,
				3664F48C698A4183B14AE909 /* PSPDFThreadSafeMutableDictionary.h */,
				248F3E096A6045B6A717D44C /* sqlite3.h */,
				CEFE1D24235B450DA0C68A2F /* CDVFile.m */,
				4E8C0680F8F4419A89410B00 /* CDVLocalFilesystem.m */,
				600A88CB4C864376A0195470 /* CDVAssetLibraryFilesystem.m */,
				D1FC522517AB47AD8B8051DE /* CDVFile.h */,
				16CDE7244E0B4265A40BABB1 /* CDVLocalFilesystem.h */,
				CFCD3F997D134D6E9D9BBA96 /* CDVAssetLibraryFilesystem.h */,
				51F96FF670DD4523876836C1 /* CDVSplashScreen+IonicCordovaCommon.m */,
				FD9A0421746C425C91864AC2 /* IonicCordovaCommon.m */,
				ED07526104664D3B9289F851 /* CDVSplashScreen+IonicCordovaCommon.h */,
				4722206A5D044D6E800A59A7 /* IonicCordovaCommon.h */,
				C87F572F1C2B42A7B6548A31 /* CDVConnection.m */,
				6AA2BDDE29BD45B1A4AFAB44 /* CDVReachability.m */,
				BC02E4998F66469B97CB66D0 /* CDVConnection.h */,
				9E0A418175494688B1914792 /* CDVReachability.h */,
			);
			name = Plugins;
			path = "reboot/Plugins";
			sourceTree = SOURCE_ROOT;
		};
		EB87FDF11871DA420020F90C /* Staging */ = {
			isa = PBXGroup;
			children = (
				F840E1F0165FE0F500CFE078 /* config.xml */,
				301BF56E109A69640062928A /* www */,
			);
			name = Staging;
			sourceTree = "<group>";
		};
/* End PBXGroup section */

/* Begin PBXNativeTarget section */
		1D6058900D05DD3D006BFB54 /* reboot */ = {
			isa = PBXNativeTarget;
			buildConfigurationList = 1D6058960D05DD3E006BFB54 /* Build configuration list for PBXNativeTarget "reboot" */;
			buildPhases = (
				304B58A110DAC018002A0835 /* Copy www directory */,
				1D60588D0D05DD3D006BFB54 /* Resources */,
				1D60588E0D05DD3D006BFB54 /* Sources */,
				1D60588F0D05DD3D006BFB54 /* Frameworks */,
			);
			buildRules = (
			);
			dependencies = (
				301BF551109A68C00062928A /* PBXTargetDependency */,
			);
			name = "reboot";
			productName = "reboot";
			productReference = 1D6058910D05DD3D006BFB54 /* reboot.app */;
			productType = "com.apple.product-type.application";
		};
/* End PBXNativeTarget section */

/* Begin PBXProject section */
		29B97313FDCFA39411CA2CEA /* Project object */ = {
			isa = PBXProject;
			attributes = {
				LastUpgradeCheck = 510;
			};
			buildConfigurationList = C01FCF4E08A954540054247B /* Build configuration list for PBXProject "__NON-CLI__" */;
			compatibilityVersion = "Xcode 3.2";
			developmentRegion = English;
			hasScannedForEncodings = 1;
			mainGroup = 29B97314FDCFA39411CA2CEA /* CustomTemplate */;
			projectDirPath = "";
			projectReferences = (
				{
					ProductGroup = 301BF52E109A57CC0062928A /* Products */;
					ProjectRef = 301BF52D109A57CC0062928A /* CordovaLib.xcodeproj */;
				},
			);
			projectRoot = "";
			targets = (
				1D6058900D05DD3D006BFB54 /* reboot */,
			);
		};
/* End PBXProject section */

/* Begin PBXReferenceProxy section */
		301BF535109A57CC0062928A /* libCordova.a */ = {
			isa = PBXReferenceProxy;
			fileType = archive.ar;
			path = libCordova.a;
			remoteRef = 301BF534109A57CC0062928A /* PBXContainerItemProxy */;
			sourceTree = BUILT_PRODUCTS_DIR;
		};
/* End PBXReferenceProxy section */

/* Begin PBXResourcesBuildPhase section */
		1D60588D0D05DD3D006BFB54 /* Resources */ = {
			isa = PBXResourcesBuildPhase;
			buildActionMask = 2147483647;
			files = (
				302D95F214D2391D003F00A1 /* MainViewController.xib in Resources */,
				0207DA581B56EA530066E2B4 /* Images.xcassets in Resources */,
				6AFF5BF91D6E424B00AB3073 /* CDVLaunchScreen.storyboard in Resources */,
			);
			runOnlyForDeploymentPostprocessing = 0;
		};
/* End PBXResourcesBuildPhase section */

/* Begin PBXShellScriptBuildPhase section */
		304B58A110DAC018002A0835 /* Copy www directory */ = {
			isa = PBXShellScriptBuildPhase;
			buildActionMask = 2147483647;
			files = (
			);
			inputPaths = (
			);
			name = "Copy www directory";
			outputPaths = (
			);
			runOnlyForDeploymentPostprocessing = 0;
			shellPath = /bin/sh;
			shellScript = "NODEJS_PATH=/usr/local/bin; NVM_NODE_PATH=~/.nvm/versions/node/`nvm version 2>/dev/null`/bin; N_NODE_PATH=`find /usr/local/n/versions/node/* -maxdepth 0 -type d 2>/dev/null | tail -1`/bin; XCODE_NODE_PATH=`xcode-select --print-path`/usr/share/xcs/Node/bin; PATH=$NODEJS_PATH:$NVM_NODE_PATH:$N_NODE_PATH:$XCODE_NODE_PATH:$PATH && node cordova/lib/copy-www-build-step.js";
			showEnvVarsInLog = 0;
		};
/* End PBXShellScriptBuildPhase section */

/* Begin PBXSourcesBuildPhase section */
		1D60588E0D05DD3D006BFB54 /* Sources */ = {
			isa = PBXSourcesBuildPhase;
			buildActionMask = 2147483647;
			files = (
				1D60589B0D05DD56006BFB54 /* main.m in Sources */,
				1D3623260D0F684500981E51 /* AppDelegate.m in Sources */,
				302D95F114D2391D003F00A1 /* MainViewController.m in Sources */,
				4103B9257824479BB1F5B333 /* CDVStatusBar.m in Sources */,
				B6D65A6D5540498A8B7F105F /* CDVDevice.m in Sources */,
				8DC160C38171483986DDE1FF /* CDVSplashScreen.m in Sources */,
				BD31B1582F9C480C88B7A8DC /* CDVViewController+SplashScreen.m in Sources */,
				A120BEEF5CA349389DE68589 /* CDVWKWebViewEngine.m in Sources */,
				7E8ADDAB3EEA4749A7FF76EB /* CDVWKWebViewUIDelegate.m in Sources */,
				903C7FDB154F45C2A7A25D94 /* CDVWKProcessPoolFactory.m in Sources */,
				7D9DB57D26844ABAA32CFD5C /* IONAssetHandler.m in Sources */,
				A39CBC5AD4AB4906A6B40F89 /* GCDWebServer.m in Sources */,
				90A459C2CC6849AF8D0ED8C4 /* GCDWebServerConnection.m in Sources */,
				15490108A2AF41BA91F0A3FA /* GCDWebServerFunctions.m in Sources */,
				C8A7FE94524047E6A11720F2 /* GCDWebServerRequest.m in Sources */,
				E06C613FB3144664898487FC /* GCDWebServerResponse.m in Sources */,
				3CB66B7C968046FB902AFF8C /* GCDWebServerDataRequest.m in Sources */,
				240A046F745B4E2E8EDA8972 /* GCDWebServerFileRequest.m in Sources */,
				518A19F3791A42D38A6FAC39 /* GCDWebServerMultiPartFormRequest.m in Sources */,
				E40531D6697A411EBFD5F5DC /* GCDWebServerURLEncodedFormRequest.m in Sources */,
				D57AC0B56D804E9DBE413339 /* GCDWebServerDataResponse.m in Sources */,
				FE419BE3E3F74302B9E07DB8 /* GCDWebServerErrorResponse.m in Sources */,
				5A677D904A244A37802F66E6 /* GCDWebServerFileResponse.m in Sources */,
				870F5EF8504E47918F4D976F /* GCDWebServerStreamedResponse.m in Sources */,
				3EF906D500B040A3B7D97D65 /* CDVIonicKeyboard.m in Sources */,
				CB3FF62ADE8F4768B0616224 /* SQLitePlugin.m in Sources */,
				524919EA804B445485DAE31C /* PSPDFThreadSafeMutableDictionary.m in Sources */,
				BD9DC2D50A4A41399A5C167C /* sqlite3.c in Resources */,
				D6B819739A0448689ADBB024 /* CDVFile.m in Sources */,
				3F1F2A2B20434D3885FC8F82 /* CDVLocalFilesystem.m in Sources */,
				3CA3572CB6FC496B8581859A /* CDVAssetLibraryFilesystem.m in Sources */,
				399E1859F9BC46BDB11051CD /* CDVSplashScreen+IonicCordovaCommon.m in Sources */,
				5487F8EBB66E4A8DA0514FEE /* IonicCordovaCommon.m in Sources */,
				DC8D76D850E243F7A0E6E82E /* CDVConnection.m in Sources */,
				4C4605AE0F244F27B0D9689A /* CDVReachability.m in Sources */,
			);
			runOnlyForDeploymentPostprocessing = 0;
		};
/* End PBXSourcesBuildPhase section */

/* Begin PBXTargetDependency section */
		301BF551109A68C00062928A /* PBXTargetDependency */ = {
			isa = PBXTargetDependency;
			name = CordovaLib;
			targetProxy = 301BF550109A68C00062928A /* PBXContainerItemProxy */;
		};
/* End PBXTargetDependency section */

/* Begin XCBuildConfiguration section */
		1D6058940D05DD3E006BFB54 /* Debug */ = {
			isa = XCBuildConfiguration;
			baseConfigurationReference = 3047A50F1AB8059700498E2A /* build-debug.xcconfig */;
			buildSettings = {
				ALWAYS_SEARCH_USER_PATHS = NO;
				ASSETCATALOG_COMPILER_APPICON_NAME = AppIcon;
				ASSETCATALOG_COMPILER_LAUNCHIMAGE_NAME = LaunchImage;
				CLANG_ENABLE_MODULES = YES;
				CLANG_ENABLE_OBJC_ARC = YES;
				COPY_PHASE_STRIP = NO;
				GCC_DYNAMIC_NO_PIC = NO;
				GCC_OPTIMIZATION_LEVEL = 0;
				GCC_PRECOMPILE_PREFIX_HEADER = YES;
				GCC_PREFIX_HEADER = "reboot/reboot-Prefix.pch";
				GCC_THUMB_SUPPORT = NO;
				GCC_VERSION = "";
				INFOPLIST_FILE = "reboot/reboot-Info.plist";
				IPHONEOS_DEPLOYMENT_TARGET = 9.0;
				LD_RUNPATH_SEARCH_PATHS = "@executable_path/Frameworks";
				TARGETED_DEVICE_FAMILY = "1,2";
				PRODUCT_NAME = "reboot";
			};
			name = Debug;
		};
		1D6058950D05DD3E006BFB54 /* Release */ = {
			isa = XCBuildConfiguration;
			baseConfigurationReference = 3047A5101AB8059700498E2A /* build-release.xcconfig */;
			buildSettings = {
				ALWAYS_SEARCH_USER_PATHS = NO;
				ASSETCATALOG_COMPILER_APPICON_NAME = AppIcon;
				ASSETCATALOG_COMPILER_LAUNCHIMAGE_NAME = LaunchImage;
				CLANG_ENABLE_MODULES = YES;
				CLANG_ENABLE_OBJC_ARC = YES;
				COPY_PHASE_STRIP = YES;
				GCC_PRECOMPILE_PREFIX_HEADER = YES;
				GCC_PREFIX_HEADER = "reboot/reboot-Prefix.pch";
				GCC_THUMB_SUPPORT = NO;
				GCC_VERSION = "";
				INFOPLIST_FILE = "reboot/reboot-Info.plist";
				IPHONEOS_DEPLOYMENT_TARGET = 9.0;
				LD_RUNPATH_SEARCH_PATHS = "@executable_path/Frameworks";
				TARGETED_DEVICE_FAMILY = "1,2";
				PRODUCT_NAME = "reboot";
			};
			name = Release;
		};
		C01FCF4F08A954540054247B /* Debug */ = {
			isa = XCBuildConfiguration;
			baseConfigurationReference = 3047A5111AB8059700498E2A /* build.xcconfig */;
			buildSettings = {
				CLANG_ENABLE_MODULES = YES;
				CLANG_ENABLE_OBJC_ARC = YES;
				CLANG_WARN_BOOL_CONVERSION = YES;
				CLANG_WARN_CONSTANT_CONVERSION = YES;
				CLANG_WARN_EMPTY_BODY = YES;
				CLANG_WARN_ENUM_CONVERSION = YES;
				CLANG_WARN_INT_CONVERSION = YES;
				CLANG_WARN__DUPLICATE_METHOD_MATCH = YES;
				GCC_C_LANGUAGE_STANDARD = c99;
				GCC_THUMB_SUPPORT = NO;
				GCC_VERSION = "";
				GCC_WARN_ABOUT_RETURN_TYPE = YES;
				GCC_WARN_UNDECLARED_SELECTOR = YES;
				GCC_WARN_UNINITIALIZED_AUTOS = YES;
				GCC_WARN_UNUSED_FUNCTION = YES;
				GCC_WARN_UNUSED_VARIABLE = YES;
				ONLY_ACTIVE_ARCH = YES;
				SDKROOT = iphoneos;
				SKIP_INSTALL = NO;
			};
			name = Debug;
		};
		C01FCF5008A954540054247B /* Release */ = {
			isa = XCBuildConfiguration;
			baseConfigurationReference = 3047A5111AB8059700498E2A /* build.xcconfig */;
			buildSettings = {
				CLANG_ENABLE_MODULES = YES;
				CLANG_ENABLE_OBJC_ARC = YES;
				CLANG_WARN_BOOL_CONVERSION = YES;
				CLANG_WARN_CONSTANT_CONVERSION = YES;
				CLANG_WARN_EMPTY_BODY = YES;
				CLANG_WARN_ENUM_CONVERSION = YES;
				CLANG_WARN_INT_CONVERSION = YES;
				CLANG_WARN__DUPLICATE_METHOD_MATCH = YES;
				GCC_C_LANGUAGE_STANDARD = c99;
				GCC_THUMB_SUPPORT = NO;
				GCC_VERSION = "";
				GCC_WARN_ABOUT_RETURN_TYPE = YES;
				GCC_WARN_UNDECLARED_SELECTOR = YES;
				GCC_WARN_UNINITIALIZED_AUTOS = YES;
				GCC_WARN_UNUSED_FUNCTION = YES;
				GCC_WARN_UNUSED_VARIABLE = YES;
				SDKROOT = iphoneos;
				SKIP_INSTALL = NO;
			};
			name = Release;
		};
/* End XCBuildConfiguration section */

/* Begin XCConfigurationList section */
		1D6058960D05DD3E006BFB54 /* Build configuration list for PBXNativeTarget "reboot" */ = {
			isa = XCConfigurationList;
			buildConfigurations = (
				1D6058940D05DD3E006BFB54 /* Debug */,
				1D6058950D05DD3E006BFB54 /* Release */,
			);
			defaultConfigurationIsVisible = 0;
			defaultConfigurationName = Release;
		};
		C01FCF4E08A954540054247B /* Build configuration list for PBXProject "__NON-CLI__" */ = {
			isa = XCConfigurationList;
			buildConfigurations = (
				C01FCF4F08A954540054247B /* Debug */,
				C01FCF5008A954540054247B /* Release */,
			);
			defaultConfigurationIsVisible = 0;
			defaultConfigurationName = Release;
		};
/* End XCConfigurationList section */
	};
	rootObject = 29B97313FDCFA39411CA2CEA /* Project object */;
}
